
Microsoft Visual Studio Solution File, Format Version 12.00
# Visual Studio Version 17
VisualStudioVersion = 17.14.36705.20 d17.14
MinimumVisualStudioVersion = 10.0.40219.1
Project("{8BC9CEB8-8B4A-11D0-8D11-00A0C91BC942}") = "Lab05", "Lab05.vcxproj", "{E9A305D7-7BBF-4BCB-BA82-8B18C1C4B5C3}"
EndProject
Global
	GlobalSection(SolutionConfigurationPlatforms) = preSolution
		Debug|x64 = Debug|x64
		Debug|x86 = Debug|x86
		Release|x64 = Release|x64
		Release|x86 = Release|x86
	EndGlobalSection
	GlobalSection(ProjectConfigurationPlatforms) = postSolution
		{E9A305D7-7BBF-4BCB-BA82-8B18C1C4B5C3}.Debug|x64.ActiveCfg = Debug|x64
		{E9A305D7-7BBF-4BCB-BA82-8B18C1C4B5C3}.Debug|x64.Build.0 = Debug|x64
		{E9A305D7-7BBF-4BCB-BA82-8B18C1C4B5C3}.Debug|x86.ActiveCfg = Debug|Win32
		{E9A305D7-7BBF-4BCB-BA82-8B18C1C4B5C3}.Debug|x86.Build.0 = Debug|Win32
		{E9A305D7-7BBF-4BCB-BA82-8B18C1C4B5C3}.Release|x64.ActiveCfg = Release|x64
		{E9A305D7-7BBF-4BCB-BA82-8B18C1C4B5C3}.Release|x64.Build.0 = Release|x64
		{E9A305D7-7BBF-4BCB-BA82-8B18C1C4B5C3}.Release|x86.ActiveCfg = Release|Win32
		{E9A305D7-7BBF-4BCB-BA82-8B18C1C4B5C3}.Release|x86.Build.0 = Release|Win32
	EndGlobalSection
	GlobalSection(SolutionProperties) = preSolution
		HideSolutionNode = FALSE
	EndGlobalSection
	GlobalSection(ExtensibilityGlobals) = postSolution
		SolutionGuid = {893100C5-486B-4FF0-ABB0-BC34FE83F552}
	EndGlobalSection
EndGlobal
